// !$*UTF8*$!
{
	archiveVersion = 1;
	classes = {
	};
	objectVersion = 55;
	objects = {

/* Begin PBXBuildFile section */
		B3723A705E971E7450BB16D7 /* Pods_KeyboardManagerExample.framework in Frameworks */ = {isa = PBXBuildFile; fileRef = 0832C4BC372DED1FA86DDAA7 /* Pods_KeyboardManagerExample.framework */; };
		FCFCD35527FA0FBF0031ABE0 /* AppDelegate.swift in Sources */ = {isa = PBXBuildFile; fileRef = FCFCD35427FA0FBF0031ABE0 /* AppDelegate.swift */; };
		FCFCD35727FA0FBF0031ABE0 /* SceneDelegate.swift in Sources */ = {isa = PBXBuildFile; fileRef = FCFCD35627FA0FBF0031ABE0 /* SceneDelegate.swift */; };
		FCFCD35927FA0FBF0031ABE0 /* ViewController.swift in Sources */ = {isa = PBXBuildFile; fileRef = FCFCD35827FA0FBF0031ABE0 /* ViewController.swift */; };
		FCFCD35C27FA0FBF0031ABE0 /* Main.storyboard in Resources */ = {isa = PBXBuildFile; fileRef = FCFCD35A27FA0FBF0031ABE0 /* Main.storyboard */; };
		FCFCD35E27FA0FC10031ABE0 /* Assets.xcassets in Resources */ = {isa = PBXBuildFile; fileRef = FCFCD35D27FA0FC10031ABE0 /* Assets.xcassets */; };
		FCFCD36127FA0FC10031ABE0 /* LaunchScreen.storyboard in Resources */ = {isa = PBXBuildFile; fileRef = FCFCD35F27FA0FC10031ABE0 /* LaunchScreen.storyboard */; };
/* End PBXBuildFile section */

/* Begin PBXFileReference section */
		0832C4BC372DED1FA86DDAA7 /* Pods_KeyboardManagerExample.framework */ = {isa = PBXFileReference; explicitFileType = wrapper.framework; includeInIndex = 0; path = Pods_KeyboardManagerExample.framework; sourceTree = BUILT_PRODUCTS_DIR; };
		D9D606E5740370C5C638AE6F /* Pods-KeyboardManagerExample.release.xcconfig */ = {isa = PBXFileReference; includeInIndex = 1; lastKnownFileType = text.xcconfig; name = "Pods-KeyboardManagerExample.release.xcconfig"; path = "Target Support Files/Pods-KeyboardManagerExample/Pods-KeyboardManagerExample.release.xcconfig"; sourceTree = "<group>"; };
		E54CD8EDA219EF608B76E085 /* Pods-KeyboardManagerExample.debug.xcconfig */ = {isa = PBXFileReference; includeInIndex = 1; lastKnownFileType = text.xcconfig; name = "Pods-KeyboardManagerExample.debug.xcconfig"; path = "Target Support Files/Pods-KeyboardManagerExample/Pods-KeyboardManagerExample.debug.xcconfig"; sourceTree = "<group>"; };
		FCFCD35127FA0FBF0031ABE0 /* KeyboardManagerExample.app */ = {isa = PBXFileReference; explicitFileType = wrapper.application; includeInIndex = 0; path = KeyboardManagerExample.app; sourceTree = BUILT_PRODUCTS_DIR; };
		FCFCD35427FA0FBF0031ABE0 /* AppDelegate.swift */ = {isa = PBXFileReference; lastKnownFileType = sourcecode.swift; path = AppDelegate.swift; sourceTree = "<group>"; };
		FCFCD35627FA0FBF0031ABE0 /* SceneDelegate.swift */ = {isa = PBXFileReference; lastKnownFileType = sourcecode.swift; path = SceneDelegate.swift; sourceTree = "<group>"; };
		FCFCD35827FA0FBF0031ABE0 /* ViewController.swift */ = {isa = PBXFileReference; lastKnownFileType = sourcecode.swift; path = ViewController.swift; sourceTree = "<group>"; };
		FCFCD35B27FA0FBF0031ABE0 /* Base */ = {isa = PBXFileReference; lastKnownFileType = file.storyboard; name = Base; path = Base.lproj/Main.storyboard; sourceTree = "<group>"; };
		FCFCD35D27FA0FC10031ABE0 /* Assets.xcassets */ = {isa = PBXFileReference; lastKnownFileType = folder.assetcatalog; path = Assets.xcassets; sourceTree = "<group>"; };
		FCFCD36027FA0FC10031ABE0 /* Base */ = {isa = PBXFileReference; lastKnownFileType = file.storyboard; name = Base; path = Base.lproj/LaunchScreen.storyboard; sourceTree = "<group>"; };
		FCFCD36227FA0FC10031ABE0 /* Info.plist */ = {isa = PBXFileReference; lastKnownFileType = text.plist.xml; path = Info.plist; sourceTree = "<group>"; };
/* End PBXFileReference section */

/* Begin PBXFrameworksBuildPhase section */
		FCFCD34E27FA0FBF0031ABE0 /* Frameworks */ = {
			isa = PBXFrameworksBuildPhase;
			buildActionMask = 2147483647;
			files = (
				B3723A705E971E7450BB16D7 /* Pods_KeyboardManagerExample.framework in Frameworks */,
			);
			runOnlyForDeploymentPostprocessing = 0;
		};
/* End PBXFrameworksBuildPhase section */

/* Begin PBXGroup section */
		8B17B95BEAF377E74F5CF959 /* Pods */ = {
			isa = PBXGroup;
			children = (
				E54CD8EDA219EF608B76E085 /* Pods-KeyboardManagerExample.debug.xcconfig */,
				D9D606E5740370C5C638AE6F /* Pods-KeyboardManagerExample.release.xcconfig */,
			);
			name = Pods;
			path = Pods;
			sourceTree = "<group>";
		};
		BE54DCE6E3576D93AF346A19 /* Frameworks */ = {
			isa = PBXGroup;
			children = (
				0832C4BC372DED1FA86DDAA7 /* Pods_KeyboardManagerExample.framework */,
			);
			name = Frameworks;
			sourceTree = "<group>";
		};
		FCFCD34827FA0FBF0031ABE0 = {
			isa = PBXGroup;
			children = (
				FCFCD35327FA0FBF0031ABE0 /* KeyboardManagerExample */,
				FCFCD35227FA0FBF0031ABE0 /* Products */,
				8B17B95BEAF377E74F5CF959 /* Pods */,
				BE54DCE6E3576D93AF346A19 /* Frameworks */,
			);
			sourceTree = "<group>";
		};
		FCFCD35227FA0FBF0031ABE0 /* Products */ = {
			isa = PBXGroup;
			children = (
				FCFCD35127FA0FBF0031ABE0 /* KeyboardManagerExample.app */,
			);
			name = Products;
			sourceTree = "<group>";
		};
		FCFCD35327FA0FBF0031ABE0 /* KeyboardManagerExample */ = {
			isa = PBXGroup;
			children = (
				FCFCD35427FA0FBF0031ABE0 /* AppDelegate.swift */,
				FCFCD35627FA0FBF0031ABE0 /* SceneDelegate.swift */,
				FCFCD35827FA0FBF0031ABE0 /* ViewController.swift */,
				FCFCD35A27FA0FBF0031ABE0 /* Main.storyboard */,
				FCFCD35D27FA0FC10031ABE0 /* Assets.xcassets */,
				FCFCD35F27FA0FC10031ABE0 /* LaunchScreen.storyboard */,
				FCFCD36227FA0FC10031ABE0 /* Info.plist */,
			);
			path = KeyboardManagerExample;
			sourceTree = "<group>";
		};
/* End PBXGroup section */

/* Begin PBXNativeTarget section */
		FCFCD35027FA0FBF0031ABE0 /* KeyboardManagerExample */ = {
			isa = PBXNativeTarget;
			buildConfigurationList = FCFCD36527FA0FC10031ABE0 /* Build configuration list for PBXNativeTarget "KeyboardManagerExample" */;
			buildPhases = (
				D324ED31E793E0C76296F7B7 /* [CP] Check Pods Manifest.lock */,
				FCFCD34D27FA0FBF0031ABE0 /* Sources */,
				FCFCD34E27FA0FBF0031ABE0 /* Frameworks */,
				FCFCD34F27FA0FBF0031ABE0 /* Resources */,
				4F65F4F75095582ED493F951 /* [CP] Embed Pods Frameworks */,
			);
			buildRules = (
			);
			dependencies = (
			);
			name = KeyboardManagerExample;
			productName = KeyboardManagerExample;
			productReference = FCFCD35127FA0FBF0031ABE0 /* KeyboardManagerExample.app */;
			productType = "com.apple.product-type.application";
		};
/* End PBXNativeTarget section */

/* Begin PBXProject section */
		FCFCD34927FA0FBF0031ABE0 /* Project object */ = {
			isa = PBXProject;
			attributes = {
				BuildIndependentTargetsInParallel = 1;
				LastSwiftUpdateCheck = 1320;
				LastUpgradeCheck = 1320;
				TargetAttributes = {
					FCFCD35027FA0FBF0031ABE0 = {
						CreatedOnToolsVersion = 13.2.1;
					};
				};
			};
			buildConfigurationList = FCFCD34C27FA0FBF0031ABE0 /* Build configuration list for PBXProject "KeyboardManagerExample" */;
			compatibilityVersion = "Xcode 13.0";
			developmentRegion = en;
			hasScannedForEncodings = 0;
			knownRegions = (
				en,
				Base,
			);
			mainGroup = FCFCD34827FA0FBF0031ABE0;
			productRefGroup = FCFCD35227FA0FBF0031ABE0 /* Products */;
			projectDirPath = "";
			projectRoot = "";
			targets = (
				FCFCD35027FA0FBF0031ABE0 /* KeyboardManagerExample */,
			);
		};
/* End PBXProject section */

/* Begin PBXResourcesBuildPhase section */
		FCFCD34F27FA0FBF0031ABE0 /* Resources */ = {
			isa = PBXResourcesBuildPhase;
			buildActionMask = 2147483647;
			files = (
				FCFCD36127FA0FC10031ABE0 /* LaunchScreen.storyboard in Resources */,
				FCFCD35E27FA0FC10031ABE0 /* Assets.xcassets in Resources */,
				FCFCD35C27FA0FBF0031ABE0 /* Main.storyboard in Resources */,
			);
			runOnlyForDeploymentPostprocessing = 0;
		};
/* End PBXResourcesBuildPhase section */

/* Begin PBXShellScriptBuildPhase section */
		4F65F4F75095582ED493F951 /* [CP] Embed Pods Frameworks */ = {
			isa = PBXShellScriptBuildPhase;
			buildActionMask = 2147483647;
			files = (
			);
			inputFileListPaths = (
				"${PODS_ROOT}/Target Support Files/Pods-KeyboardManagerExample/Pods-KeyboardManagerExample-frameworks-${CONFIGURATION}-input-files.xcfilelist",
			);
			name = "[CP] Embed Pods Frameworks";
			outputFileListPaths = (
				"${PODS_ROOT}/Target Support Files/Pods-KeyboardManagerExample/Pods-KeyboardManagerExample-frameworks-${CONFIGURATION}-output-files.xcfilelist",
			);
			runOnlyForDeploymentPostprocessing = 0;
			shellPath = /bin/sh;
			shellScript = "\"${PODS_ROOT}/Target Support Files/Pods-KeyboardManagerExample/Pods-KeyboardManagerExample-frameworks.sh\"\n";
			showEnvVarsInLog = 0;
		};
		D324ED31E793E0C76296F7B7 /* [CP] Check Pods Manifest.lock */ = {
			isa = PBXShellScriptBuildPhase;
			buildActionMask = 2147483647;
			files = (
			);
			inputFileListPaths = (
			);
			inputPaths = (
				"${PODS_PODFILE_DIR_PATH}/Podfile.lock",
				"${PODS_ROOT}/Manifest.lock",
			);
			name = "[CP] Check Pods Manifest.lock";
			outputFileListPaths = (
			);
			outputPaths = (
				"$(DERIVED_FILE_DIR)/Pods-KeyboardManagerExample-checkManifestLockResult.txt",
			);
			runOnlyForDeploymentPostprocessing = 0;
			shellPath = /bin/sh;
			shellScript = "diff \"${PODS_PODFILE_DIR_PATH}/Podfile.lock\" \"${PODS_ROOT}/Manifest.lock\" > /dev/null\nif [ $? != 0 ] ; then\n    # print error to STDERR\n    echo \"error: The sandbox is not in sync with the Podfile.lock. Run 'pod install' or update your CocoaPods installation.\" >&2\n    exit 1\nfi\n# This output is used by Xcode 'outputs' to avoid re-running this script phase.\necho \"SUCCESS\" > \"${SCRIPT_OUTPUT_FILE_0}\"\n";
			showEnvVarsInLog = 0;
		};
/* End PBXShellScriptBuildPhase section */

/* Begin PBXSourcesBuildPhase section */
		FCFCD34D27FA0FBF0031ABE0 /* Sources */ = {
			isa = PBXSourcesBuildPhase;
			buildActionMask = 2147483647;
			files = (
				FCFCD35927FA0FBF0031ABE0 /* ViewController.swift in Sources */,
				FCFCD35527FA0FBF0031ABE0 /* AppDelegate.swift in Sources */,
				FCFCD35727FA0FBF0031ABE0 /* SceneDelegate.swift in Sources */,
			);
			runOnlyForDeploymentPostprocessing = 0;
		};
/* End PBXSourcesBuildPhase section */

/* Begin PBXVariantGroup section */
		FCFCD35A27FA0FBF0031ABE0 /* Main.storyboard */ = {
			isa = PBXVariantGroup;
			children = (
				FCFCD35B27FA0FBF0031ABE0 /* Base */,
			);
			name = Main.storyboard;
			sourceTree = "<group>";
		};
		FCFCD35F27FA0FC10031ABE0 /* LaunchScreen.storyboard */ = {
			isa = PBXVariantGroup;
			children = (
				FCFCD36027FA0FC10031ABE0 /* Base */,
			);
			name = LaunchScreen.storyboard;
			sourceTree = "<group>";
		};
/* End PBXVariantGroup section */

/* Begin XCBuildConfiguration section */
		FCFCD36327FA0FC10031ABE0 /* Debug */ = {
			isa = XCBuildConfiguration;
			buildSettings = {
				ALWAYS_SEARCH_USER_PATHS = NO;
				CLANG_ANALYZER_NONNULL = YES;
				CLANG_ANALYZER_NUMBER_OBJECT_CONVERSION = YES_AGGRESSIVE;
				CLANG_CXX_LANGUAGE_STANDARD = "gnu++17";
				CLANG_CXX_LIBRARY = "libc++";
				CLANG_ENABLE_MODULES = YES;
				CLANG_ENABLE_OBJC_ARC = YES;
				CLANG_ENABLE_OBJC_WEAK = YES;
				CLANG_WARN_BLOCK_CAPTURE_AUTORELEASING = YES;
				CLANG_WARN_BOOL_CONVERSION = YES;
				CLANG_WARN_COMMA = YES;
				CLANG_WARN_CONSTANT_CONVERSION = YES;
				CLANG_WARN_DEPRECATED_OBJC_IMPLEMENTATIONS = YES;
				CLANG_WARN_DIRECT_OBJC_ISA_USAGE = YES_ERROR;
				CLANG_WARN_DOCUMENTATION_COMMENTS = YES;
				CLANG_WARN_EMPTY_BODY = YES;
				CLANG_WARN_ENUM_CONVERSION = YES;
				CLANG_WARN_INFINITE_RECURSION = YES;
				CLANG_WARN_INT_CONVERSION = YES;
				CLANG_WARN_NON_LITERAL_NULL_CONVERSION = YES;
				CLANG_WARN_OBJC_IMPLICIT_RETAIN_SELF = YES;
				CLANG_WARN_OBJC_LITERAL_CONVERSION = YES;
				CLANG_WARN_OBJC_ROOT_CLASS = YES_ERROR;
				CLANG_WARN_QUOTED_INCLUDE_IN_FRAMEWORK_HEADER = YES;
				CLANG_WARN_RANGE_LOOP_ANALYSIS = YES;
				CLANG_WARN_STRICT_PROTOTYPES = YES;
				CLANG_WARN_SUSPICIOUS_MOVE = YES;
				CLANG_WARN_UNGUARDED_AVAILABILITY = YES_AGGRESSIVE;
				CLANG_WARN_UNREACHABLE_CODE = YES;
				CLANG_WARN__DUPLICATE_METHOD_MATCH = YES;
				COPY_PHASE_STRIP = NO;
				DEBUG_INFORMATION_FORMAT = dwarf;
				ENABLE_STRICT_OBJC_MSGSEND = YES;
				ENABLE_TESTABILITY = YES;
				GCC_C_LANGUAGE_STANDARD = gnu11;
				GCC_DYNAMIC_NO_PIC = NO;
				GCC_NO_COMMON_BLOCKS = YES;
				GCC_OPTIMIZATION_LEVEL = 0;
				GCC_PREPROCESSOR_DEFINITIONS = (
					"DEBUG=1",
					"$(inherited)",
				);
				GCC_WARN_64_TO_32_BIT_CONVERSION = YES;
				GCC_WARN_ABOUT_RETURN_TYPE = YES_ERROR;
				GCC_WARN_UNDECLARED_SELECTOR = YES;
				GCC_WARN_UNINITIALIZED_AUTOS = YES_AGGRESSIVE;
				GCC_WARN_UNUSED_FUNCTION = YES;
				GCC_WARN_UNUSED_VARIABLE = YES;
				IPHONEOS_DEPLOYMENT_TARGET = 15.2;
				MTL_ENABLE_DEBUG_INFO = INCLUDE_SOURCE;
				MTL_FAST_MATH = YES;
				ONLY_ACTIVE_ARCH = YES;
				SDKROOT = iphoneos;
				SWIFT_ACTIVE_COMPILATION_CONDITIONS = DEBUG;
				SWIFT_OPTIMIZATION_LEVEL = "-Onone";
			};
			name = Debug;
		};
		FCFCD36427FA0FC10031ABE0 /* Release */ = {
			isa = XCBuildConfiguration;
			buildSettings = {
				ALWAYS_SEARCH_USER_PATHS = NO;
				CLANG_ANALYZER_NONNULL = YES;
				CLANG_ANALYZER_NUMBER_OBJECT_CONVERSION = YES_AGGRESSIVE;
				CLANG_CXX_LANGUAGE_STANDARD = "gnu++17";
				CLANG_CXX_LIBRARY = "libc++";
				CLANG_ENABLE_MODULES = YES;
				CLANG_ENABLE_OBJC_ARC = YES;
				CLANG_ENABLE_OBJC_WEAK = YES;
				CLANG_WARN_BLOCK_CAPTURE_AUTORELEASING = YES;
				CLANG_WARN_BOOL_CONVERSION = YES;
				CLANG_WARN_COMMA = YES;
				CLANG_WARN_CONSTANT_CONVERSION = YES;
				CLANG_WARN_DEPRECATED_OBJC_IMPLEMENTATIONS = YES;
				CLANG_WARN_DIRECT_OBJC_ISA_USAGE = YES_ERROR;
				CLANG_WARN_DOCUMENTATION_COMMENTS = YES;
				CLANG_WARN_EMPTY_BODY = YES;
				CLANG_WARN_ENUM_CONVERSION = YES;
				CLANG_WARN_INFINITE_RECURSION = YES;
				CLANG_WARN_INT_CONVERSION = YES;
				CLANG_WARN_NON_LITERAL_NULL_CONVERSION = YES;
				CLANG_WARN_OBJC_IMPLICIT_RETAIN_SELF = YES;
				CLANG_WARN_OBJC_LITERAL_CONVERSION = YES;
				CLANG_WARN_OBJC_ROOT_CLASS = YES_ERROR;
				CLANG_WARN_QUOTED_INCLUDE_IN_FRAMEWORK_HEADER = YES;
				CLANG_WARN_RANGE_LOOP_ANALYSIS = YES;
				CLANG_WARN_STRICT_PROTOTYPES = YES;
				CLANG_WARN_SUSPICIOUS_MOVE = YES;
				CLANG_WARN_UNGUARDED_AVAILABILITY = YES_AGGRESSIVE;
				CLANG_WARN_UNREACHABLE_CODE = YES;
				CLANG_WARN__DUPLICATE_METHOD_MATCH = YES;
				COPY_PHASE_STRIP = NO;
				DEBUG_INFORMATION_FORMAT = "dwarf-with-dsym";
				ENABLE_NS_ASSERTIONS = NO;
				ENABLE_STRICT_OBJC_MSGSEND = YES;
				GCC_C_LANGUAGE_STANDARD = gnu11;
				GCC_NO_COMMON_BLOCKS = YES;
				GCC_WARN_64_TO_32_BIT_CONVERSION = YES;
				GCC_WARN_ABOUT_RETURN_TYPE = YES_ERROR;
				GCC_WARN_UNDECLARED_SELECTOR = YES;
				GCC_WARN_UNINITIALIZED_AUTOS = YES_AGGRESSIVE;
				GCC_WARN_UNUSED_FUNCTION = YES;
				GCC_WARN_UNUSED_VARIABLE = YES;
				IPHONEOS_DEPLOYMENT_TARGET = 15.2;
				MTL_ENABLE_DEBUG_INFO = NO;
				MTL_FAST_MATH = YES;
				SDKROOT = iphoneos;
				SWIFT_COMPILATION_MODE = wholemodule;
				SWIFT_OPTIMIZATION_LEVEL = "-O";
				VALIDATE_PRODUCT = YES;
			};
			name = Release;
		};
		FCFCD36627FA0FC10031ABE0 /* Debug */ = {
			isa = XCBuildConfiguration;
			baseConfigurationReference = E54CD8EDA219EF608B76E085 /* Pods-KeyboardManagerExample.debug.xcconfig */;
			buildSettings = {
				ASSETCATALOG_COMPILER_APPICON_NAME = AppIcon;
				ASSETCATALOG_COMPILER_GLOBAL_ACCENT_COLOR_NAME = AccentColor;
				CODE_SIGN_STYLE = Automatic;
				CURRENT_PROJECT_VERSION = 1;
				DEVELOPMENT_TEAM = 7N99NFR973;
				GENERATE_INFOPLIST_FILE = YES;
				INFOPLIST_FILE = KeyboardManagerExample/Info.plist;
				INFOPLIST_KEY_UIApplicationSupportsIndirectInputEvents = YES;
				INFOPLIST_KEY_UILaunchStoryboardName = LaunchScreen;
				INFOPLIST_KEY_UIMainStoryboardFile = Main;
				INFOPLIST_KEY_UISupportedInterfaceOrientations_iPad = "UIInterfaceOrientationPortrait UIInterfaceOrientationPortraitUpsideDown UIInterfaceOrientationLandscapeLeft UIInterfaceOrientationLandscapeRight";
				INFOPLIST_KEY_UISupportedInterfaceOrientations_iPhone = "UIInterfaceOrientationPortrait UIInterfaceOrientationLandscapeLeft UIInterfaceOrientationLandscapeRight";
				LD_RUNPATH_SEARCH_PATHS = (
					"$(inherited)",
					"@executable_path/Frameworks",
				);
				MARKETING_VERSION = 1.0;
				PRODUCT_BUNDLE_IDENTIFIER = edu.northeastern.yiming.KeyboardManagerExample;
				PRODUCT_NAME = "$(TARGET_NAME)";
				SWIFT_EMIT_LOC_STRINGS = YES;
				SWIFT_VERSION = 5.0;
				TARGETED_DEVICE_FAMILY = "1,2";
			};
			name = Debug;
		};
		FCFCD36727FA0FC10031ABE0 /* Release */ = {
			isa = XCBuildConfiguration;
			baseConfigurationReference = D9D606E5740370C5C638AE6F /* Pods-KeyboardManagerExample.release.xcconfig */;
			buildSettings = {
				ASSETCATALOG_COMPILER_APPICON_NAME = AppIcon;
				ASSETCATALOG_COMPILER_GLOBAL_ACCENT_COLOR_NAME = AccentColor;
				CODE_SIGN_STYLE = Automatic;
				CURRENT_PROJECT_VERSION = 1;
				DEVELOPMENT_TEAM = 7N99NFR973;
				GENERATE_INFOPLIST_FILE = YES;
				INFOPLIST_FILE = KeyboardManagerExample/Info.plist;
				INFOPLIST_KEY_UIApplicationSupportsIndirectInputEvents = YES;
				INFOPLIST_KEY_UILaunchStoryboardName = LaunchScreen;
				INFOPLIST_KEY_UIMainStoryboardFile = Main;
				INFOPLIST_KEY_UISupportedInterfaceOrientations_iPad = "UIInterfaceOrientationPortrait UIInterfaceOrientationPortraitUpsideDown UIInterfaceOrientationLandscapeLeft UIInterfaceOrientationLandscapeRight";
				INFOPLIST_KEY_UISupportedInterfaceOrientations_iPhone = "UIInterfaceOrientationPortrait UIInterfaceOrientationLandscapeLeft UIInterfaceOrientationLandscapeRight";
				LD_RUNPATH_SEARCH_PATHS = (
					"$(inherited)",
					"@executable_path/Frameworks",
				);
				MARKETING_VERSION = 1.0;
				PRODUCT_BUNDLE_IDENTIFIER = edu.northeastern.yiming.KeyboardManagerExample;
				PRODUCT_NAME = "$(TARGET_NAME)";
				SWIFT_EMIT_LOC_STRINGS = YES;
				SWIFT_VERSION = 5.0;
				TARGETED_DEVICE_FAMILY = "1,2";
			};
			name = Release;
		};
/* End XCBuildConfiguration section */

/* Begin XCConfigurationList section */
		FCFCD34C27FA0FBF0031ABE0 /* Build configuration list for PBXProject "KeyboardManagerExample" */ = {
			isa = XCConfigurationList;
			buildConfigurations = (
				FCFCD36327FA0FC10031ABE0 /* Debug */,
				FCFCD36427FA0FC10031ABE0 /* Release */,
			);
			defaultConfigurationIsVisible = 0;
			defaultConfigurationName = Release;
		};
		FCFCD36527FA0FC10031ABE0 /* Build configuration list for PBXNativeTarget "KeyboardManagerExample" */ = {
			isa = XCConfigurationList;
			buildConfigurations = (
				FCFCD36627FA0FC10031ABE0 /* Debug */,
				FCFCD36727FA0FC10031ABE0 /* Release */,
			);
			defaultConfigurationIsVisible = 0;
			defaultConfigurationName = Release;
		};
/* End XCConfigurationList section */
	};
	rootObject = FCFCD34927FA0FBF0031ABE0 /* Project object */;
}
