// !$*UTF8*$!
{
	archiveVersion = 1;
	classes = {
	};
	objectVersion = 55;
	objects = {

/* Begin PBXBuildFile section */
		00ABC17207D6E2A4C43B80B8 /* Pods_NailStocks.framework in Frameworks */ = {isa = PBXBuildFile; fileRef = 086DB1A88A5A32C6B3ABD24E /* Pods_NailStocks.framework */; };
		FC9850E427C2E13F00CD8B08 /* QuoteShort.swift in Sources */ = {isa = PBXBuildFile; fileRef = FC9850E327C2E13F00CD8B08 /* QuoteShort.swift */; };
		FCCF4ED527C2C56E008548B0 /* AppDelegate.swift in Sources */ = {isa = PBXBuildFile; fileRef = FCCF4ED427C2C56E008548B0 /* AppDelegate.swift */; };
		FCCF4ED727C2C56E008548B0 /* SceneDelegate.swift in Sources */ = {isa = PBXBuildFile; fileRef = FCCF4ED627C2C56E008548B0 /* SceneDelegate.swift */; };
		FCCF4EDC27C2C56E008548B0 /* Main.storyboard in Resources */ = {isa = PBXBuildFile; fileRef = FCCF4EDA27C2C56E008548B0 /* Main.storyboard */; };
		FCCF4EDE27C2C570008548B0 /* Assets.xcassets in Resources */ = {isa = PBXBuildFile; fileRef = FCCF4EDD27C2C570008548B0 /* Assets.xcassets */; };
		FCCF4EE127C2C570008548B0 /* LaunchScreen.storyboard in Resources */ = {isa = PBXBuildFile; fileRef = FCCF4EDF27C2C570008548B0 /* LaunchScreen.storyboard */; };
		FCCF4EED27C2C7D1008548B0 /* File.swift in Sources */ = {isa = PBXBuildFile; fileRef = FCCF4EEC27C2C7D1008548B0 /* File.swift */; };
		FCCF4EEF27C2C820008548B0 /* APIKeys.swift in Sources */ = {isa = PBXBuildFile; fileRef = FCCF4EEE27C2C820008548B0 /* APIKeys.swift */; };
		FCCF4EF127C2C8FD008548B0 /* StockViewController.swift in Sources */ = {isa = PBXBuildFile; fileRef = FCCF4EF027C2C8FD008548B0 /* StockViewController.swift */; };
/* End PBXBuildFile section */

/* Begin PBXFileReference section */
		086DB1A88A5A32C6B3ABD24E /* Pods_NailStocks.framework */ = {isa = PBXFileReference; explicitFileType = wrapper.framework; includeInIndex = 0; path = Pods_NailStocks.framework; sourceTree = BUILT_PRODUCTS_DIR; };
		3B0DA1909D49D1BBF85378A3 /* Pods-NailStocks.debug.xcconfig */ = {isa = PBXFileReference; includeInIndex = 1; lastKnownFileType = text.xcconfig; name = "Pods-NailStocks.debug.xcconfig"; path = "Target Support Files/Pods-NailStocks/Pods-NailStocks.debug.xcconfig"; sourceTree = "<group>"; };
		D83CE31E4ABCE67EB39E4A13 /* Pods-NailStocks.release.xcconfig */ = {isa = PBXFileReference; includeInIndex = 1; lastKnownFileType = text.xcconfig; name = "Pods-NailStocks.release.xcconfig"; path = "Target Support Files/Pods-NailStocks/Pods-NailStocks.release.xcconfig"; sourceTree = "<group>"; };
		FC9850E327C2E13F00CD8B08 /* QuoteShort.swift */ = {isa = PBXFileReference; lastKnownFileType = sourcecode.swift; path = QuoteShort.swift; sourceTree = "<group>"; };
		FCCF4ED127C2C56E008548B0 /* NailStocks.app */ = {isa = PBXFileReference; explicitFileType = wrapper.application; includeInIndex = 0; path = NailStocks.app; sourceTree = BUILT_PRODUCTS_DIR; };
		FCCF4ED427C2C56E008548B0 /* AppDelegate.swift */ = {isa = PBXFileReference; lastKnownFileType = sourcecode.swift; path = AppDelegate.swift; sourceTree = "<group>"; };
		FCCF4ED627C2C56E008548B0 /* SceneDelegate.swift */ = {isa = PBXFileReference; lastKnownFileType = sourcecode.swift; path = SceneDelegate.swift; sourceTree = "<group>"; };
		FCCF4EDB27C2C56E008548B0 /* Base */ = {isa = PBXFileReference; lastKnownFileType = file.storyboard; name = Base; path = Base.lproj/Main.storyboard; sourceTree = "<group>"; };
		FCCF4EDD27C2C570008548B0 /* Assets.xcassets */ = {isa = PBXFileReference; lastKnownFileType = folder.assetcatalog; path = Assets.xcassets; sourceTree = "<group>"; };
		FCCF4EE027C2C570008548B0 /* Base */ = {isa = PBXFileReference; lastKnownFileType = file.storyboard; name = Base; path = Base.lproj/LaunchScreen.storyboard; sourceTree = "<group>"; };
		FCCF4EE227C2C570008548B0 /* Info.plist */ = {isa = PBXFileReference; lastKnownFileType = text.plist.xml; path = Info.plist; sourceTree = "<group>"; };
		FCCF4EEC27C2C7D1008548B0 /* File.swift */ = {isa = PBXFileReference; lastKnownFileType = sourcecode.swift; path = File.swift; sourceTree = "<group>"; };
		FCCF4EEE27C2C820008548B0 /* APIKeys.swift */ = {isa = PBXFileReference; lastKnownFileType = sourcecode.swift; path = APIKeys.swift; sourceTree = "<group>"; };
		FCCF4EF027C2C8FD008548B0 /* StockViewController.swift */ = {isa = PBXFileReference; lastKnownFileType = sourcecode.swift; path = StockViewController.swift; sourceTree = "<group>"; };
/* End PBXFileReference section */

/* Begin PBXFrameworksBuildPhase section */
		FCCF4ECE27C2C56E008548B0 /* Frameworks */ = {
			isa = PBXFrameworksBuildPhase;
			buildActionMask = 2147483647;
			files = (
				00ABC17207D6E2A4C43B80B8 /* Pods_NailStocks.framework in Frameworks */,
			);
			runOnlyForDeploymentPostprocessing = 0;
		};
/* End PBXFrameworksBuildPhase section */

/* Begin PBXGroup section */
		797B80869C9C9CECDD260612 /* Frameworks */ = {
			isa = PBXGroup;
			children = (
				086DB1A88A5A32C6B3ABD24E /* Pods_NailStocks.framework */,
			);
			name = Frameworks;
			sourceTree = "<group>";
		};
		893391A134C3126DC02CF432 /* Pods */ = {
			isa = PBXGroup;
			children = (
				3B0DA1909D49D1BBF85378A3 /* Pods-NailStocks.debug.xcconfig */,
				D83CE31E4ABCE67EB39E4A13 /* Pods-NailStocks.release.xcconfig */,
			);
			path = Pods;
			sourceTree = "<group>";
		};
		FCCF4EC827C2C56E008548B0 = {
			isa = PBXGroup;
			children = (
				FCCF4ED327C2C56E008548B0 /* NailStocks */,
				FCCF4ED227C2C56E008548B0 /* Products */,
				893391A134C3126DC02CF432 /* Pods */,
				797B80869C9C9CECDD260612 /* Frameworks */,
			);
			sourceTree = "<group>";
		};
		FCCF4ED227C2C56E008548B0 /* Products */ = {
			isa = PBXGroup;
			children = (
				FCCF4ED127C2C56E008548B0 /* NailStocks.app */,
			);
			name = Products;
			sourceTree = "<group>";
		};
		FCCF4ED327C2C56E008548B0 /* NailStocks */ = {
			isa = PBXGroup;
			children = (
				FCCF4EEB27C2C7BA008548B0 /* Constants */,
				FCCF4EEA27C2C5B2008548B0 /* Model */,
				FCCF4EE927C2C5AA008548B0 /* View */,
				FCCF4EE827C2C59D008548B0 /* Controller */,
				FCCF4ED427C2C56E008548B0 /* AppDelegate.swift */,
				FCCF4ED627C2C56E008548B0 /* SceneDelegate.swift */,
				FCCF4EDD27C2C570008548B0 /* Assets.xcassets */,
				FCCF4EDF27C2C570008548B0 /* LaunchScreen.storyboard */,
				FCCF4EE227C2C570008548B0 /* Info.plist */,
			);
			path = NailStocks;
			sourceTree = "<group>";
		};
		FCCF4EE827C2C59D008548B0 /* Controller */ = {
			isa = PBXGroup;
			children = (
				FCCF4EF027C2C8FD008548B0 /* StockViewController.swift */,
			);
			path = Controller;
			sourceTree = "<group>";
		};
		FCCF4EE927C2C5AA008548B0 /* View */ = {
			isa = PBXGroup;
			children = (
				FCCF4EDA27C2C56E008548B0 /* Main.storyboard */,
			);
			path = View;
			sourceTree = "<group>";
		};
		FCCF4EEA27C2C5B2008548B0 /* Model */ = {
			isa = PBXGroup;
			children = (
				FC9850E327C2E13F00CD8B08 /* QuoteShort.swift */,
			);
			path = Model;
			sourceTree = "<group>";
		};
		FCCF4EEB27C2C7BA008548B0 /* Constants */ = {
			isa = PBXGroup;
			children = (
				FCCF4EEC27C2C7D1008548B0 /* File.swift */,
				FCCF4EEE27C2C820008548B0 /* APIKeys.swift */,
			);
			path = Constants;
			sourceTree = "<group>";
		};
/* End PBXGroup section */

/* Begin PBXNativeTarget section */
		FCCF4ED027C2C56E008548B0 /* NailStocks */ = {
			isa = PBXNativeTarget;
			buildConfigurationList = FCCF4EE527C2C570008548B0 /* Build configuration list for PBXNativeTarget "NailStocks" */;
			buildPhases = (
				3D49BC7DB3CBB890BEDD3239 /* [CP] Check Pods Manifest.lock */,
				FCCF4ECD27C2C56E008548B0 /* Sources */,
				FCCF4ECE27C2C56E008548B0 /* Frameworks */,
				FCCF4ECF27C2C56E008548B0 /* Resources */,
				C5ACA4D4816A312420FB0007 /* [CP] Embed Pods Frameworks */,
			);
			buildRules = (
			);
			dependencies = (
			);
			name = NailStocks;
			productName = NailStocks;
			productReference = FCCF4ED127C2C56E008548B0 /* NailStocks.app */;
			productType = "com.apple.product-type.application";
		};
/* End PBXNativeTarget section */

/* Begin PBXProject section */
		FCCF4EC927C2C56E008548B0 /* Project object */ = {
			isa = PBXProject;
			attributes = {
				BuildIndependentTargetsInParallel = 1;
				LastSwiftUpdateCheck = 1320;
				LastUpgradeCheck = 1320;
				TargetAttributes = {
					FCCF4ED027C2C56E008548B0 = {
						CreatedOnToolsVersion = 13.2.1;
					};
				};
			};
			buildConfigurationList = FCCF4ECC27C2C56E008548B0 /* Build configuration list for PBXProject "NailStocks" */;
			compatibilityVersion = "Xcode 13.0";
			developmentRegion = en;
			hasScannedForEncodings = 0;
			knownRegions = (
				en,
				Base,
			);
			mainGroup = FCCF4EC827C2C56E008548B0;
			productRefGroup = FCCF4ED227C2C56E008548B0 /* Products */;
			projectDirPath = "";
			projectRoot = "";
			targets = (
				FCCF4ED027C2C56E008548B0 /* NailStocks */,
			);
		};
/* End PBXProject section */

/* Begin PBXResourcesBuildPhase section */
		FCCF4ECF27C2C56E008548B0 /* Resources */ = {
			isa = PBXResourcesBuildPhase;
			buildActionMask = 2147483647;
			files = (
				FCCF4EE127C2C570008548B0 /* LaunchScreen.storyboard in Resources */,
				FCCF4EDE27C2C570008548B0 /* Assets.xcassets in Resources */,
				FCCF4EDC27C2C56E008548B0 /* Main.storyboard in Resources */,
			);
			runOnlyForDeploymentPostprocessing = 0;
		};
/* End PBXResourcesBuildPhase section */

/* Begin PBXShellScriptBuildPhase section */
		3D49BC7DB3CBB890BEDD3239 /* [CP] Check Pods Manifest.lock */ = {
			isa = PBXShellScriptBuildPhase;
			buildActionMask = 2147483647;
			files = (
			);
			inputFileListPaths = (
			);
			inputPaths = (
				"${PODS_PODFILE_DIR_PATH}/Podfile.lock",
				"${PODS_ROOT}/Manifest.lock",
			);
			name = "[CP] Check Pods Manifest.lock";
			outputFileListPaths = (
			);
			outputPaths = (
				"$(DERIVED_FILE_DIR)/Pods-NailStocks-checkManifestLockResult.txt",
			);
			runOnlyForDeploymentPostprocessing = 0;
			shellPath = /bin/sh;
			shellScript = "diff \"${PODS_PODFILE_DIR_PATH}/Podfile.lock\" \"${PODS_ROOT}/Manifest.lock\" > /dev/null\nif [ $? != 0 ] ; then\n    # print error to STDERR\n    echo \"error: The sandbox is not in sync with the Podfile.lock. Run 'pod install' or update your CocoaPods installation.\" >&2\n    exit 1\nfi\n# This output is used by Xcode 'outputs' to avoid re-running this script phase.\necho \"SUCCESS\" > \"${SCRIPT_OUTPUT_FILE_0}\"\n";
			showEnvVarsInLog = 0;
		};
		C5ACA4D4816A312420FB0007 /* [CP] Embed Pods Frameworks */ = {
			isa = PBXShellScriptBuildPhase;
			buildActionMask = 2147483647;
			files = (
			);
			inputFileListPaths = (
				"${PODS_ROOT}/Target Support Files/Pods-NailStocks/Pods-NailStocks-frameworks-${CONFIGURATION}-input-files.xcfilelist",
			);
			name = "[CP] Embed Pods Frameworks";
			outputFileListPaths = (
				"${PODS_ROOT}/Target Support Files/Pods-NailStocks/Pods-NailStocks-frameworks-${CONFIGURATION}-output-files.xcfilelist",
			);
			runOnlyForDeploymentPostprocessing = 0;
			shellPath = /bin/sh;
			shellScript = "\"${PODS_ROOT}/Target Support Files/Pods-NailStocks/Pods-NailStocks-frameworks.sh\"\n";
			showEnvVarsInLog = 0;
		};
/* End PBXShellScriptBuildPhase section */

/* Begin PBXSourcesBuildPhase section */
		FCCF4ECD27C2C56E008548B0 /* Sources */ = {
			isa = PBXSourcesBuildPhase;
			buildActionMask = 2147483647;
			files = (
				FCCF4EEF27C2C820008548B0 /* APIKeys.swift in Sources */,
				FC9850E427C2E13F00CD8B08 /* QuoteShort.swift in Sources */,
				FCCF4EED27C2C7D1008548B0 /* File.swift in Sources */,
				FCCF4ED527C2C56E008548B0 /* AppDelegate.swift in Sources */,
				FCCF4ED727C2C56E008548B0 /* SceneDelegate.swift in Sources */,
				FCCF4EF127C2C8FD008548B0 /* StockViewController.swift in Sources */,
			);
			runOnlyForDeploymentPostprocessing = 0;
		};
/* End PBXSourcesBuildPhase section */

/* Begin PBXVariantGroup section */
		FCCF4EDA27C2C56E008548B0 /* Main.storyboard */ = {
			isa = PBXVariantGroup;
			children = (
				FCCF4EDB27C2C56E008548B0 /* Base */,
			);
			name = Main.storyboard;
			sourceTree = "<group>";
		};
		FCCF4EDF27C2C570008548B0 /* LaunchScreen.storyboard */ = {
			isa = PBXVariantGroup;
			children = (
				FCCF4EE027C2C570008548B0 /* Base */,
			);
			name = LaunchScreen.storyboard;
			sourceTree = "<group>";
		};
/* End PBXVariantGroup section */

/* Begin XCBuildConfiguration section */
		FCCF4EE327C2C570008548B0 /* Debug */ = {
			isa = XCBuildConfiguration;
			buildSettings = {
				ALWAYS_SEARCH_USER_PATHS = NO;
				CLANG_ANALYZER_NONNULL = YES;
				CLANG_ANALYZER_NUMBER_OBJECT_CONVERSION = YES_AGGRESSIVE;
				CLANG_CXX_LANGUAGE_STANDARD = "gnu++17";
				CLANG_CXX_LIBRARY = "libc++";
				CLANG_ENABLE_MODULES = YES;
				CLANG_ENABLE_OBJC_ARC = YES;
				CLANG_ENABLE_OBJC_WEAK = YES;
				CLANG_WARN_BLOCK_CAPTURE_AUTORELEASING = YES;
				CLANG_WARN_BOOL_CONVERSION = YES;
				CLANG_WARN_COMMA = YES;
				CLANG_WARN_CONSTANT_CONVERSION = YES;
				CLANG_WARN_DEPRECATED_OBJC_IMPLEMENTATIONS = YES;
				CLANG_WARN_DIRECT_OBJC_ISA_USAGE = YES_ERROR;
				CLANG_WARN_DOCUMENTATION_COMMENTS = YES;
				CLANG_WARN_EMPTY_BODY = YES;
				CLANG_WARN_ENUM_CONVERSION = YES;
				CLANG_WARN_INFINITE_RECURSION = YES;
				CLANG_WARN_INT_CONVERSION = YES;
				CLANG_WARN_NON_LITERAL_NULL_CONVERSION = YES;
				CLANG_WARN_OBJC_IMPLICIT_RETAIN_SELF = YES;
				CLANG_WARN_OBJC_LITERAL_CONVERSION = YES;
				CLANG_WARN_OBJC_ROOT_CLASS = YES_ERROR;
				CLANG_WARN_QUOTED_INCLUDE_IN_FRAMEWORK_HEADER = YES;
				CLANG_WARN_RANGE_LOOP_ANALYSIS = YES;
				CLANG_WARN_STRICT_PROTOTYPES = YES;
				CLANG_WARN_SUSPICIOUS_MOVE = YES;
				CLANG_WARN_UNGUARDED_AVAILABILITY = YES_AGGRESSIVE;
				CLANG_WARN_UNREACHABLE_CODE = YES;
				CLANG_WARN__DUPLICATE_METHOD_MATCH = YES;
				COPY_PHASE_STRIP = NO;
				DEBUG_INFORMATION_FORMAT = dwarf;
				ENABLE_STRICT_OBJC_MSGSEND = YES;
				ENABLE_TESTABILITY = YES;
				GCC_C_LANGUAGE_STANDARD = gnu11;
				GCC_DYNAMIC_NO_PIC = NO;
				GCC_NO_COMMON_BLOCKS = YES;
				GCC_OPTIMIZATION_LEVEL = 0;
				GCC_PREPROCESSOR_DEFINITIONS = (
					"DEBUG=1",
					"$(inherited)",
				);
				GCC_WARN_64_TO_32_BIT_CONVERSION = YES;
				GCC_WARN_ABOUT_RETURN_TYPE = YES_ERROR;
				GCC_WARN_UNDECLARED_SELECTOR = YES;
				GCC_WARN_UNINITIALIZED_AUTOS = YES_AGGRESSIVE;
				GCC_WARN_UNUSED_FUNCTION = YES;
				GCC_WARN_UNUSED_VARIABLE = YES;
				IPHONEOS_DEPLOYMENT_TARGET = 15.2;
				MTL_ENABLE_DEBUG_INFO = INCLUDE_SOURCE;
				MTL_FAST_MATH = YES;
				ONLY_ACTIVE_ARCH = YES;
				SDKROOT = iphoneos;
				SWIFT_ACTIVE_COMPILATION_CONDITIONS = DEBUG;
				SWIFT_OPTIMIZATION_LEVEL = "-Onone";
			};
			name = Debug;
		};
		FCCF4EE427C2C570008548B0 /* Release */ = {
			isa = XCBuildConfiguration;
			buildSettings = {
				ALWAYS_SEARCH_USER_PATHS = NO;
				CLANG_ANALYZER_NONNULL = YES;
				CLANG_ANALYZER_NUMBER_OBJECT_CONVERSION = YES_AGGRESSIVE;
				CLANG_CXX_LANGUAGE_STANDARD = "gnu++17";
				CLANG_CXX_LIBRARY = "libc++";
				CLANG_ENABLE_MODULES = YES;
				CLANG_ENABLE_OBJC_ARC = YES;
				CLANG_ENABLE_OBJC_WEAK = YES;
				CLANG_WARN_BLOCK_CAPTURE_AUTORELEASING = YES;
				CLANG_WARN_BOOL_CONVERSION = YES;
				CLANG_WARN_COMMA = YES;
				CLANG_WARN_CONSTANT_CONVERSION = YES;
				CLANG_WARN_DEPRECATED_OBJC_IMPLEMENTATIONS = YES;
				CLANG_WARN_DIRECT_OBJC_ISA_USAGE = YES_ERROR;
				CLANG_WARN_DOCUMENTATION_COMMENTS = YES;
				CLANG_WARN_EMPTY_BODY = YES;
				CLANG_WARN_ENUM_CONVERSION = YES;
				CLANG_WARN_INFINITE_RECURSION = YES;
				CLANG_WARN_INT_CONVERSION = YES;
				CLANG_WARN_NON_LITERAL_NULL_CONVERSION = YES;
				CLANG_WARN_OBJC_IMPLICIT_RETAIN_SELF = YES;
				CLANG_WARN_OBJC_LITERAL_CONVERSION = YES;
				CLANG_WARN_OBJC_ROOT_CLASS = YES_ERROR;
				CLANG_WARN_QUOTED_INCLUDE_IN_FRAMEWORK_HEADER = YES;
				CLANG_WARN_RANGE_LOOP_ANALYSIS = YES;
				CLANG_WARN_STRICT_PROTOTYPES = YES;
				CLANG_WARN_SUSPICIOUS_MOVE = YES;
				CLANG_WARN_UNGUARDED_AVAILABILITY = YES_AGGRESSIVE;
				CLANG_WARN_UNREACHABLE_CODE = YES;
				CLANG_WARN__DUPLICATE_METHOD_MATCH = YES;
				COPY_PHASE_STRIP = NO;
				DEBUG_INFORMATION_FORMAT = "dwarf-with-dsym";
				ENABLE_NS_ASSERTIONS = NO;
				ENABLE_STRICT_OBJC_MSGSEND = YES;
				GCC_C_LANGUAGE_STANDARD = gnu11;
				GCC_NO_COMMON_BLOCKS = YES;
				GCC_WARN_64_TO_32_BIT_CONVERSION = YES;
				GCC_WARN_ABOUT_RETURN_TYPE = YES_ERROR;
				GCC_WARN_UNDECLARED_SELECTOR = YES;
				GCC_WARN_UNINITIALIZED_AUTOS = YES_AGGRESSIVE;
				GCC_WARN_UNUSED_FUNCTION = YES;
				GCC_WARN_UNUSED_VARIABLE = YES;
				IPHONEOS_DEPLOYMENT_TARGET = 15.2;
				MTL_ENABLE_DEBUG_INFO = NO;
				MTL_FAST_MATH = YES;
				SDKROOT = iphoneos;
				SWIFT_COMPILATION_MODE = wholemodule;
				SWIFT_OPTIMIZATION_LEVEL = "-O";
				VALIDATE_PRODUCT = YES;
			};
			name = Release;
		};
		FCCF4EE627C2C570008548B0 /* Debug */ = {
			isa = XCBuildConfiguration;
			baseConfigurationReference = 3B0DA1909D49D1BBF85378A3 /* Pods-NailStocks.debug.xcconfig */;
			buildSettings = {
				ASSETCATALOG_COMPILER_APPICON_NAME = AppIcon;
				ASSETCATALOG_COMPILER_GLOBAL_ACCENT_COLOR_NAME = AccentColor;
				CODE_SIGN_STYLE = Automatic;
				CURRENT_PROJECT_VERSION = 1;
				DEVELOPMENT_TEAM = 7N99NFR973;
				GENERATE_INFOPLIST_FILE = YES;
				INFOPLIST_FILE = NailStocks/Info.plist;
				INFOPLIST_KEY_UIApplicationSupportsIndirectInputEvents = YES;
				INFOPLIST_KEY_UILaunchStoryboardName = LaunchScreen;
				INFOPLIST_KEY_UIMainStoryboardFile = Main;
				INFOPLIST_KEY_UISupportedInterfaceOrientations_iPad = "UIInterfaceOrientationPortrait UIInterfaceOrientationPortraitUpsideDown UIInterfaceOrientationLandscapeLeft UIInterfaceOrientationLandscapeRight";
				INFOPLIST_KEY_UISupportedInterfaceOrientations_iPhone = "UIInterfaceOrientationPortrait UIInterfaceOrientationLandscapeLeft UIInterfaceOrientationLandscapeRight";
				LD_RUNPATH_SEARCH_PATHS = (
					"$(inherited)",
					"@executable_path/Frameworks",
				);
				MARKETING_VERSION = 1.0;
				PRODUCT_BUNDLE_IDENTIFIER = edu.northeastern.yiming.NailStocks;
				PRODUCT_NAME = "$(TARGET_NAME)";
				SWIFT_EMIT_LOC_STRINGS = YES;
				SWIFT_VERSION = 5.0;
				TARGETED_DEVICE_FAMILY = "1,2";
			};
			name = Debug;
		};
		FCCF4EE727C2C570008548B0 /* Release */ = {
			isa = XCBuildConfiguration;
			baseConfigurationReference = D83CE31E4ABCE67EB39E4A13 /* Pods-NailStocks.release.xcconfig */;
			buildSettings = {
				ASSETCATALOG_COMPILER_APPICON_NAME = AppIcon;
				ASSETCATALOG_COMPILER_GLOBAL_ACCENT_COLOR_NAME = AccentColor;
				CODE_SIGN_STYLE = Automatic;
				CURRENT_PROJECT_VERSION = 1;
				DEVELOPMENT_TEAM = 7N99NFR973;
				GENERATE_INFOPLIST_FILE = YES;
				INFOPLIST_FILE = NailStocks/Info.plist;
				INFOPLIST_KEY_UIApplicationSupportsIndirectInputEvents = YES;
				INFOPLIST_KEY_UILaunchStoryboardName = LaunchScreen;
				INFOPLIST_KEY_UIMainStoryboardFile = Main;
				INFOPLIST_KEY_UISupportedInterfaceOrientations_iPad = "UIInterfaceOrientationPortrait UIInterfaceOrientationPortraitUpsideDown UIInterfaceOrientationLandscapeLeft UIInterfaceOrientationLandscapeRight";
				INFOPLIST_KEY_UISupportedInterfaceOrientations_iPhone = "UIInterfaceOrientationPortrait UIInterfaceOrientationLandscapeLeft UIInterfaceOrientationLandscapeRight";
				LD_RUNPATH_SEARCH_PATHS = (
					"$(inherited)",
					"@executable_path/Frameworks",
				);
				MARKETING_VERSION = 1.0;
				PRODUCT_BUNDLE_IDENTIFIER = edu.northeastern.yiming.NailStocks;
				PRODUCT_NAME = "$(TARGET_NAME)";
				SWIFT_EMIT_LOC_STRINGS = YES;
				SWIFT_VERSION = 5.0;
				TARGETED_DEVICE_FAMILY = "1,2";
			};
			name = Release;
		};
/* End XCBuildConfiguration section */

/* Begin XCConfigurationList section */
		FCCF4ECC27C2C56E008548B0 /* Build configuration list for PBXProject "NailStocks" */ = {
			isa = XCConfigurationList;
			buildConfigurations = (
				FCCF4EE327C2C570008548B0 /* Debug */,
				FCCF4EE427C2C570008548B0 /* Release */,
			);
			defaultConfigurationIsVisible = 0;
			defaultConfigurationName = Release;
		};
		FCCF4EE527C2C570008548B0 /* Build configuration list for PBXNativeTarget "NailStocks" */ = {
			isa = XCConfigurationList;
			buildConfigurations = (
				FCCF4EE627C2C570008548B0 /* Debug */,
				FCCF4EE727C2C570008548B0 /* Release */,
			);
			defaultConfigurationIsVisible = 0;
			defaultConfigurationName = Release;
		};
/* End XCConfigurationList section */
	};
	rootObject = FCCF4EC927C2C56E008548B0 /* Project object */;
}
