// !$*UTF8*$!
{
	archiveVersion = 1;
	classes = {
	};
	objectVersion = 55;
	objects = {

/* Begin PBXBuildFile section */
		9176FE9F43A97A417F08665F /* Pods_LoginApp.framework in Frameworks */ = {isa = PBXBuildFile; fileRef = 19B0BE8E780327945126A67C /* Pods_LoginApp.framework */; };
		FC028FE627F0D70B0046E05E /* AppDelegate.swift in Sources */ = {isa = PBXBuildFile; fileRef = FC028FE527F0D70B0046E05E /* AppDelegate.swift */; };
		FC028FE827F0D70B0046E05E /* SceneDelegate.swift in Sources */ = {isa = PBXBuildFile; fileRef = FC028FE727F0D70B0046E05E /* SceneDelegate.swift */; };
		FC028FEA27F0D70B0046E05E /* LoginViewController.swift in Sources */ = {isa = PBXBuildFile; fileRef = FC028FE927F0D70B0046E05E /* LoginViewController.swift */; };
		FC028FED27F0D70B0046E05E /* Main.storyboard in Resources */ = {isa = PBXBuildFile; fileRef = FC028FEB27F0D70B0046E05E /* Main.storyboard */; };
		FC028FEF27F0D70C0046E05E /* Assets.xcassets in Resources */ = {isa = PBXBuildFile; fileRef = FC028FEE27F0D70C0046E05E /* Assets.xcassets */; };
		FC028FF227F0D70C0046E05E /* LaunchScreen.storyboard in Resources */ = {isa = PBXBuildFile; fileRef = FC028FF027F0D70C0046E05E /* LaunchScreen.storyboard */; };
		FC028FFA27F0E31A0046E05E /* GoogleService-Info.plist in Resources */ = {isa = PBXBuildFile; fileRef = FC028FF927F0E31A0046E05E /* GoogleService-Info.plist */; };
		FC028FFD27F0EC750046E05E /* StringExtension.swift in Sources */ = {isa = PBXBuildFile; fileRef = FC028FFC27F0EC750046E05E /* StringExtension.swift */; };
		FC028FFF27F0F0420046E05E /* DashboardViewController.swift in Sources */ = {isa = PBXBuildFile; fileRef = FC028FFE27F0F0420046E05E /* DashboardViewController.swift */; };
		FCA318EE27F0F447004F82FA /* KeyChainService.swift in Sources */ = {isa = PBXBuildFile; fileRef = FCA318ED27F0F447004F82FA /* KeyChainService.swift */; };
		FCA318F327F0FB1C004F82FA /* SignUpViewController.swift in Sources */ = {isa = PBXBuildFile; fileRef = FCA318F227F0FB1C004F82FA /* SignUpViewController.swift */; };
		FCA318F527F0FB32004F82FA /* ForgotPasswordViewController.swift in Sources */ = {isa = PBXBuildFile; fileRef = FCA318F427F0FB32004F82FA /* ForgotPasswordViewController.swift */; };
/* End PBXBuildFile section */

/* Begin PBXFileReference section */
		19B0BE8E780327945126A67C /* Pods_LoginApp.framework */ = {isa = PBXFileReference; explicitFileType = wrapper.framework; includeInIndex = 0; path = Pods_LoginApp.framework; sourceTree = BUILT_PRODUCTS_DIR; };
		4F5500A439808A5008F3426A /* Pods-LoginApp.release.xcconfig */ = {isa = PBXFileReference; includeInIndex = 1; lastKnownFileType = text.xcconfig; name = "Pods-LoginApp.release.xcconfig"; path = "Target Support Files/Pods-LoginApp/Pods-LoginApp.release.xcconfig"; sourceTree = "<group>"; };
		84095808D3CBAF070EFF3434 /* Pods-LoginApp.debug.xcconfig */ = {isa = PBXFileReference; includeInIndex = 1; lastKnownFileType = text.xcconfig; name = "Pods-LoginApp.debug.xcconfig"; path = "Target Support Files/Pods-LoginApp/Pods-LoginApp.debug.xcconfig"; sourceTree = "<group>"; };
		FC028FE227F0D70B0046E05E /* LoginApp.app */ = {isa = PBXFileReference; explicitFileType = wrapper.application; includeInIndex = 0; path = LoginApp.app; sourceTree = BUILT_PRODUCTS_DIR; };
		FC028FE527F0D70B0046E05E /* AppDelegate.swift */ = {isa = PBXFileReference; lastKnownFileType = sourcecode.swift; path = AppDelegate.swift; sourceTree = "<group>"; };
		FC028FE727F0D70B0046E05E /* SceneDelegate.swift */ = {isa = PBXFileReference; lastKnownFileType = sourcecode.swift; path = SceneDelegate.swift; sourceTree = "<group>"; };
		FC028FE927F0D70B0046E05E /* LoginViewController.swift */ = {isa = PBXFileReference; lastKnownFileType = sourcecode.swift; path = LoginViewController.swift; sourceTree = "<group>"; };
		FC028FEC27F0D70B0046E05E /* Base */ = {isa = PBXFileReference; lastKnownFileType = file.storyboard; name = Base; path = Base.lproj/Main.storyboard; sourceTree = "<group>"; };
		FC028FEE27F0D70C0046E05E /* Assets.xcassets */ = {isa = PBXFileReference; lastKnownFileType = folder.assetcatalog; path = Assets.xcassets; sourceTree = "<group>"; };
		FC028FF127F0D70C0046E05E /* Base */ = {isa = PBXFileReference; lastKnownFileType = file.storyboard; name = Base; path = Base.lproj/LaunchScreen.storyboard; sourceTree = "<group>"; };
		FC028FF327F0D70C0046E05E /* Info.plist */ = {isa = PBXFileReference; lastKnownFileType = text.plist.xml; path = Info.plist; sourceTree = "<group>"; };
		FC028FF927F0E31A0046E05E /* GoogleService-Info.plist */ = {isa = PBXFileReference; fileEncoding = 4; lastKnownFileType = text.plist.xml; path = "GoogleService-Info.plist"; sourceTree = "<group>"; };
		FC028FFC27F0EC750046E05E /* StringExtension.swift */ = {isa = PBXFileReference; lastKnownFileType = sourcecode.swift; path = StringExtension.swift; sourceTree = "<group>"; };
		FC028FFE27F0F0420046E05E /* DashboardViewController.swift */ = {isa = PBXFileReference; lastKnownFileType = sourcecode.swift; path = DashboardViewController.swift; sourceTree = "<group>"; };
		FCA318ED27F0F447004F82FA /* KeyChainService.swift */ = {isa = PBXFileReference; lastKnownFileType = sourcecode.swift; path = KeyChainService.swift; sourceTree = "<group>"; };
		FCA318F227F0FB1C004F82FA /* SignUpViewController.swift */ = {isa = PBXFileReference; lastKnownFileType = sourcecode.swift; path = SignUpViewController.swift; sourceTree = "<group>"; };
		FCA318F427F0FB32004F82FA /* ForgotPasswordViewController.swift */ = {isa = PBXFileReference; lastKnownFileType = sourcecode.swift; path = ForgotPasswordViewController.swift; sourceTree = "<group>"; };
/* End PBXFileReference section */

/* Begin PBXFrameworksBuildPhase section */
		FC028FDF27F0D70B0046E05E /* Frameworks */ = {
			isa = PBXFrameworksBuildPhase;
			buildActionMask = 2147483647;
			files = (
				9176FE9F43A97A417F08665F /* Pods_LoginApp.framework in Frameworks */,
			);
			runOnlyForDeploymentPostprocessing = 0;
		};
/* End PBXFrameworksBuildPhase section */

/* Begin PBXGroup section */
		D328CE75F486E513541C65D4 /* Pods */ = {
			isa = PBXGroup;
			children = (
				84095808D3CBAF070EFF3434 /* Pods-LoginApp.debug.xcconfig */,
				4F5500A439808A5008F3426A /* Pods-LoginApp.release.xcconfig */,
			);
			path = Pods;
			sourceTree = "<group>";
		};
		EF934FC45C38859AC6B29EFC /* Frameworks */ = {
			isa = PBXGroup;
			children = (
				19B0BE8E780327945126A67C /* Pods_LoginApp.framework */,
			);
			name = Frameworks;
			sourceTree = "<group>";
		};
		FC028FD927F0D70A0046E05E = {
			isa = PBXGroup;
			children = (
				FC028FE427F0D70B0046E05E /* LoginApp */,
				FC028FE327F0D70B0046E05E /* Products */,
				D328CE75F486E513541C65D4 /* Pods */,
				EF934FC45C38859AC6B29EFC /* Frameworks */,
			);
			sourceTree = "<group>";
		};
		FC028FE327F0D70B0046E05E /* Products */ = {
			isa = PBXGroup;
			children = (
				FC028FE227F0D70B0046E05E /* LoginApp.app */,
			);
			name = Products;
			sourceTree = "<group>";
		};
		FC028FE427F0D70B0046E05E /* LoginApp */ = {
			isa = PBXGroup;
			children = (
				FCA318F127F0FAAB004F82FA /* Controller */,
				FCA318F027F0FA9C004F82FA /* View */,
				FCA318EF27F0FA8C004F82FA /* Model */,
				FC028FFB27F0EC580046E05E /* Utils */,
				FC028FE527F0D70B0046E05E /* AppDelegate.swift */,
				FC028FE727F0D70B0046E05E /* SceneDelegate.swift */,
				FC028FE927F0D70B0046E05E /* LoginViewController.swift */,
				FC028FEB27F0D70B0046E05E /* Main.storyboard */,
				FC028FEE27F0D70C0046E05E /* Assets.xcassets */,
				FC028FF027F0D70C0046E05E /* LaunchScreen.storyboard */,
				FC028FF327F0D70C0046E05E /* Info.plist */,
				FC028FF927F0E31A0046E05E /* GoogleService-Info.plist */,
				FC028FFE27F0F0420046E05E /* DashboardViewController.swift */,
			);
			path = LoginApp;
			sourceTree = "<group>";
		};
		FC028FFB27F0EC580046E05E /* Utils */ = {
			isa = PBXGroup;
			children = (
				FC028FFC27F0EC750046E05E /* StringExtension.swift */,
				FCA318ED27F0F447004F82FA /* KeyChainService.swift */,
			);
			path = Utils;
			sourceTree = "<group>";
		};
		FCA318EF27F0FA8C004F82FA /* Model */ = {
			isa = PBXGroup;
			children = (
			);
			path = Model;
			sourceTree = "<group>";
		};
		FCA318F027F0FA9C004F82FA /* View */ = {
			isa = PBXGroup;
			children = (
			);
			path = View;
			sourceTree = "<group>";
		};
		FCA318F127F0FAAB004F82FA /* Controller */ = {
			isa = PBXGroup;
			children = (
				FCA318F227F0FB1C004F82FA /* SignUpViewController.swift */,
				FCA318F427F0FB32004F82FA /* ForgotPasswordViewController.swift */,
			);
			path = Controller;
			sourceTree = "<group>";
		};
/* End PBXGroup section */

/* Begin PBXNativeTarget section */
		FC028FE127F0D70B0046E05E /* LoginApp */ = {
			isa = PBXNativeTarget;
			buildConfigurationList = FC028FF627F0D70C0046E05E /* Build configuration list for PBXNativeTarget "LoginApp" */;
			buildPhases = (
				55DFE561C514F113E0C2CF57 /* [CP] Check Pods Manifest.lock */,
				FC028FDE27F0D70B0046E05E /* Sources */,
				FC028FDF27F0D70B0046E05E /* Frameworks */,
				FC028FE027F0D70B0046E05E /* Resources */,
				18979652FA0C2372C2859A0A /* [CP] Embed Pods Frameworks */,
			);
			buildRules = (
			);
			dependencies = (
			);
			name = LoginApp;
			productName = LoginApp;
			productReference = FC028FE227F0D70B0046E05E /* LoginApp.app */;
			productType = "com.apple.product-type.application";
		};
/* End PBXNativeTarget section */

/* Begin PBXProject section */
		FC028FDA27F0D70A0046E05E /* Project object */ = {
			isa = PBXProject;
			attributes = {
				BuildIndependentTargetsInParallel = 1;
				LastSwiftUpdateCheck = 1320;
				LastUpgradeCheck = 1320;
				TargetAttributes = {
					FC028FE127F0D70B0046E05E = {
						CreatedOnToolsVersion = 13.2.1;
					};
				};
			};
			buildConfigurationList = FC028FDD27F0D70A0046E05E /* Build configuration list for PBXProject "LoginApp" */;
			compatibilityVersion = "Xcode 13.0";
			developmentRegion = en;
			hasScannedForEncodings = 0;
			knownRegions = (
				en,
				Base,
			);
			mainGroup = FC028FD927F0D70A0046E05E;
			productRefGroup = FC028FE327F0D70B0046E05E /* Products */;
			projectDirPath = "";
			projectRoot = "";
			targets = (
				FC028FE127F0D70B0046E05E /* LoginApp */,
			);
		};
/* End PBXProject section */

/* Begin PBXResourcesBuildPhase section */
		FC028FE027F0D70B0046E05E /* Resources */ = {
			isa = PBXResourcesBuildPhase;
			buildActionMask = 2147483647;
			files = (
				FC028FF227F0D70C0046E05E /* LaunchScreen.storyboard in Resources */,
				FC028FFA27F0E31A0046E05E /* GoogleService-Info.plist in Resources */,
				FC028FEF27F0D70C0046E05E /* Assets.xcassets in Resources */,
				FC028FED27F0D70B0046E05E /* Main.storyboard in Resources */,
			);
			runOnlyForDeploymentPostprocessing = 0;
		};
/* End PBXResourcesBuildPhase section */

/* Begin PBXShellScriptBuildPhase section */
		18979652FA0C2372C2859A0A /* [CP] Embed Pods Frameworks */ = {
			isa = PBXShellScriptBuildPhase;
			buildActionMask = 2147483647;
			files = (
			);
			inputFileListPaths = (
				"${PODS_ROOT}/Target Support Files/Pods-LoginApp/Pods-LoginApp-frameworks-${CONFIGURATION}-input-files.xcfilelist",
			);
			name = "[CP] Embed Pods Frameworks";
			outputFileListPaths = (
				"${PODS_ROOT}/Target Support Files/Pods-LoginApp/Pods-LoginApp-frameworks-${CONFIGURATION}-output-files.xcfilelist",
			);
			runOnlyForDeploymentPostprocessing = 0;
			shellPath = /bin/sh;
			shellScript = "\"${PODS_ROOT}/Target Support Files/Pods-LoginApp/Pods-LoginApp-frameworks.sh\"\n";
			showEnvVarsInLog = 0;
		};
		55DFE561C514F113E0C2CF57 /* [CP] Check Pods Manifest.lock */ = {
			isa = PBXShellScriptBuildPhase;
			buildActionMask = 2147483647;
			files = (
			);
			inputFileListPaths = (
			);
			inputPaths = (
				"${PODS_PODFILE_DIR_PATH}/Podfile.lock",
				"${PODS_ROOT}/Manifest.lock",
			);
			name = "[CP] Check Pods Manifest.lock";
			outputFileListPaths = (
			);
			outputPaths = (
				"$(DERIVED_FILE_DIR)/Pods-LoginApp-checkManifestLockResult.txt",
			);
			runOnlyForDeploymentPostprocessing = 0;
			shellPath = /bin/sh;
			shellScript = "diff \"${PODS_PODFILE_DIR_PATH}/Podfile.lock\" \"${PODS_ROOT}/Manifest.lock\" > /dev/null\nif [ $? != 0 ] ; then\n    # print error to STDERR\n    echo \"error: The sandbox is not in sync with the Podfile.lock. Run 'pod install' or update your CocoaPods installation.\" >&2\n    exit 1\nfi\n# This output is used by Xcode 'outputs' to avoid re-running this script phase.\necho \"SUCCESS\" > \"${SCRIPT_OUTPUT_FILE_0}\"\n";
			showEnvVarsInLog = 0;
		};
/* End PBXShellScriptBuildPhase section */

/* Begin PBXSourcesBuildPhase section */
		FC028FDE27F0D70B0046E05E /* Sources */ = {
			isa = PBXSourcesBuildPhase;
			buildActionMask = 2147483647;
			files = (
				FCA318F527F0FB32004F82FA /* ForgotPasswordViewController.swift in Sources */,
				FC028FFD27F0EC750046E05E /* StringExtension.swift in Sources */,
				FCA318F327F0FB1C004F82FA /* SignUpViewController.swift in Sources */,
				FC028FEA27F0D70B0046E05E /* LoginViewController.swift in Sources */,
				FC028FFF27F0F0420046E05E /* DashboardViewController.swift in Sources */,
				FCA318EE27F0F447004F82FA /* KeyChainService.swift in Sources */,
				FC028FE627F0D70B0046E05E /* AppDelegate.swift in Sources */,
				FC028FE827F0D70B0046E05E /* SceneDelegate.swift in Sources */,
			);
			runOnlyForDeploymentPostprocessing = 0;
		};
/* End PBXSourcesBuildPhase section */

/* Begin PBXVariantGroup section */
		FC028FEB27F0D70B0046E05E /* Main.storyboard */ = {
			isa = PBXVariantGroup;
			children = (
				FC028FEC27F0D70B0046E05E /* Base */,
			);
			name = Main.storyboard;
			sourceTree = "<group>";
		};
		FC028FF027F0D70C0046E05E /* LaunchScreen.storyboard */ = {
			isa = PBXVariantGroup;
			children = (
				FC028FF127F0D70C0046E05E /* Base */,
			);
			name = LaunchScreen.storyboard;
			sourceTree = "<group>";
		};
/* End PBXVariantGroup section */

/* Begin XCBuildConfiguration section */
		FC028FF427F0D70C0046E05E /* Debug */ = {
			isa = XCBuildConfiguration;
			buildSettings = {
				ALWAYS_SEARCH_USER_PATHS = NO;
				CLANG_ANALYZER_NONNULL = YES;
				CLANG_ANALYZER_NUMBER_OBJECT_CONVERSION = YES_AGGRESSIVE;
				CLANG_CXX_LANGUAGE_STANDARD = "gnu++17";
				CLANG_CXX_LIBRARY = "libc++";
				CLANG_ENABLE_MODULES = YES;
				CLANG_ENABLE_OBJC_ARC = YES;
				CLANG_ENABLE_OBJC_WEAK = YES;
				CLANG_WARN_BLOCK_CAPTURE_AUTORELEASING = YES;
				CLANG_WARN_BOOL_CONVERSION = YES;
				CLANG_WARN_COMMA = YES;
				CLANG_WARN_CONSTANT_CONVERSION = YES;
				CLANG_WARN_DEPRECATED_OBJC_IMPLEMENTATIONS = YES;
				CLANG_WARN_DIRECT_OBJC_ISA_USAGE = YES_ERROR;
				CLANG_WARN_DOCUMENTATION_COMMENTS = YES;
				CLANG_WARN_EMPTY_BODY = YES;
				CLANG_WARN_ENUM_CONVERSION = YES;
				CLANG_WARN_INFINITE_RECURSION = YES;
				CLANG_WARN_INT_CONVERSION = YES;
				CLANG_WARN_NON_LITERAL_NULL_CONVERSION = YES;
				CLANG_WARN_OBJC_IMPLICIT_RETAIN_SELF = YES;
				CLANG_WARN_OBJC_LITERAL_CONVERSION = YES;
				CLANG_WARN_OBJC_ROOT_CLASS = YES_ERROR;
				CLANG_WARN_QUOTED_INCLUDE_IN_FRAMEWORK_HEADER = YES;
				CLANG_WARN_RANGE_LOOP_ANALYSIS = YES;
				CLANG_WARN_STRICT_PROTOTYPES = YES;
				CLANG_WARN_SUSPICIOUS_MOVE = YES;
				CLANG_WARN_UNGUARDED_AVAILABILITY = YES_AGGRESSIVE;
				CLANG_WARN_UNREACHABLE_CODE = YES;
				CLANG_WARN__DUPLICATE_METHOD_MATCH = YES;
				COPY_PHASE_STRIP = NO;
				DEBUG_INFORMATION_FORMAT = dwarf;
				ENABLE_STRICT_OBJC_MSGSEND = YES;
				ENABLE_TESTABILITY = YES;
				GCC_C_LANGUAGE_STANDARD = gnu11;
				GCC_DYNAMIC_NO_PIC = NO;
				GCC_NO_COMMON_BLOCKS = YES;
				GCC_OPTIMIZATION_LEVEL = 0;
				GCC_PREPROCESSOR_DEFINITIONS = (
					"DEBUG=1",
					"$(inherited)",
				);
				GCC_WARN_64_TO_32_BIT_CONVERSION = YES;
				GCC_WARN_ABOUT_RETURN_TYPE = YES_ERROR;
				GCC_WARN_UNDECLARED_SELECTOR = YES;
				GCC_WARN_UNINITIALIZED_AUTOS = YES_AGGRESSIVE;
				GCC_WARN_UNUSED_FUNCTION = YES;
				GCC_WARN_UNUSED_VARIABLE = YES;
				IPHONEOS_DEPLOYMENT_TARGET = 15.2;
				MTL_ENABLE_DEBUG_INFO = INCLUDE_SOURCE;
				MTL_FAST_MATH = YES;
				ONLY_ACTIVE_ARCH = YES;
				SDKROOT = iphoneos;
				SWIFT_ACTIVE_COMPILATION_CONDITIONS = DEBUG;
				SWIFT_OPTIMIZATION_LEVEL = "-Onone";
			};
			name = Debug;
		};
		FC028FF527F0D70C0046E05E /* Release */ = {
			isa = XCBuildConfiguration;
			buildSettings = {
				ALWAYS_SEARCH_USER_PATHS = NO;
				CLANG_ANALYZER_NONNULL = YES;
				CLANG_ANALYZER_NUMBER_OBJECT_CONVERSION = YES_AGGRESSIVE;
				CLANG_CXX_LANGUAGE_STANDARD = "gnu++17";
				CLANG_CXX_LIBRARY = "libc++";
				CLANG_ENABLE_MODULES = YES;
				CLANG_ENABLE_OBJC_ARC = YES;
				CLANG_ENABLE_OBJC_WEAK = YES;
				CLANG_WARN_BLOCK_CAPTURE_AUTORELEASING = YES;
				CLANG_WARN_BOOL_CONVERSION = YES;
				CLANG_WARN_COMMA = YES;
				CLANG_WARN_CONSTANT_CONVERSION = YES;
				CLANG_WARN_DEPRECATED_OBJC_IMPLEMENTATIONS = YES;
				CLANG_WARN_DIRECT_OBJC_ISA_USAGE = YES_ERROR;
				CLANG_WARN_DOCUMENTATION_COMMENTS = YES;
				CLANG_WARN_EMPTY_BODY = YES;
				CLANG_WARN_ENUM_CONVERSION = YES;
				CLANG_WARN_INFINITE_RECURSION = YES;
				CLANG_WARN_INT_CONVERSION = YES;
				CLANG_WARN_NON_LITERAL_NULL_CONVERSION = YES;
				CLANG_WARN_OBJC_IMPLICIT_RETAIN_SELF = YES;
				CLANG_WARN_OBJC_LITERAL_CONVERSION = YES;
				CLANG_WARN_OBJC_ROOT_CLASS = YES_ERROR;
				CLANG_WARN_QUOTED_INCLUDE_IN_FRAMEWORK_HEADER = YES;
				CLANG_WARN_RANGE_LOOP_ANALYSIS = YES;
				CLANG_WARN_STRICT_PROTOTYPES = YES;
				CLANG_WARN_SUSPICIOUS_MOVE = YES;
				CLANG_WARN_UNGUARDED_AVAILABILITY = YES_AGGRESSIVE;
				CLANG_WARN_UNREACHABLE_CODE = YES;
				CLANG_WARN__DUPLICATE_METHOD_MATCH = YES;
				COPY_PHASE_STRIP = NO;
				DEBUG_INFORMATION_FORMAT = "dwarf-with-dsym";
				ENABLE_NS_ASSERTIONS = NO;
				ENABLE_STRICT_OBJC_MSGSEND = YES;
				GCC_C_LANGUAGE_STANDARD = gnu11;
				GCC_NO_COMMON_BLOCKS = YES;
				GCC_WARN_64_TO_32_BIT_CONVERSION = YES;
				GCC_WARN_ABOUT_RETURN_TYPE = YES_ERROR;
				GCC_WARN_UNDECLARED_SELECTOR = YES;
				GCC_WARN_UNINITIALIZED_AUTOS = YES_AGGRESSIVE;
				GCC_WARN_UNUSED_FUNCTION = YES;
				GCC_WARN_UNUSED_VARIABLE = YES;
				IPHONEOS_DEPLOYMENT_TARGET = 15.2;
				MTL_ENABLE_DEBUG_INFO = NO;
				MTL_FAST_MATH = YES;
				SDKROOT = iphoneos;
				SWIFT_COMPILATION_MODE = wholemodule;
				SWIFT_OPTIMIZATION_LEVEL = "-O";
				VALIDATE_PRODUCT = YES;
			};
			name = Release;
		};
		FC028FF727F0D70C0046E05E /* Debug */ = {
			isa = XCBuildConfiguration;
			baseConfigurationReference = 84095808D3CBAF070EFF3434 /* Pods-LoginApp.debug.xcconfig */;
			buildSettings = {
				ASSETCATALOG_COMPILER_APPICON_NAME = AppIcon;
				ASSETCATALOG_COMPILER_GLOBAL_ACCENT_COLOR_NAME = AccentColor;
				CODE_SIGN_STYLE = Automatic;
				CURRENT_PROJECT_VERSION = 1;
				DEVELOPMENT_TEAM = 7N99NFR973;
				GENERATE_INFOPLIST_FILE = YES;
				INFOPLIST_FILE = LoginApp/Info.plist;
				INFOPLIST_KEY_UIApplicationSupportsIndirectInputEvents = YES;
				INFOPLIST_KEY_UILaunchStoryboardName = LaunchScreen;
				INFOPLIST_KEY_UIMainStoryboardFile = Main;
				INFOPLIST_KEY_UISupportedInterfaceOrientations_iPad = "UIInterfaceOrientationPortrait UIInterfaceOrientationPortraitUpsideDown UIInterfaceOrientationLandscapeLeft UIInterfaceOrientationLandscapeRight";
				INFOPLIST_KEY_UISupportedInterfaceOrientations_iPhone = "UIInterfaceOrientationPortrait UIInterfaceOrientationLandscapeLeft UIInterfaceOrientationLandscapeRight";
				LD_RUNPATH_SEARCH_PATHS = (
					"$(inherited)",
					"@executable_path/Frameworks",
				);
				MARKETING_VERSION = 1.0;
				PRODUCT_BUNDLE_IDENTIFIER = edu.northeastern.yiming.LoginApp;
				PRODUCT_NAME = "$(TARGET_NAME)";
				SWIFT_EMIT_LOC_STRINGS = YES;
				SWIFT_VERSION = 5.0;
				TARGETED_DEVICE_FAMILY = "1,2";
			};
			name = Debug;
		};
		FC028FF827F0D70C0046E05E /* Release */ = {
			isa = XCBuildConfiguration;
			baseConfigurationReference = 4F5500A439808A5008F3426A /* Pods-LoginApp.release.xcconfig */;
			buildSettings = {
				ASSETCATALOG_COMPILER_APPICON_NAME = AppIcon;
				ASSETCATALOG_COMPILER_GLOBAL_ACCENT_COLOR_NAME = AccentColor;
				CODE_SIGN_STYLE = Automatic;
				CURRENT_PROJECT_VERSION = 1;
				DEVELOPMENT_TEAM = 7N99NFR973;
				GENERATE_INFOPLIST_FILE = YES;
				INFOPLIST_FILE = LoginApp/Info.plist;
				INFOPLIST_KEY_UIApplicationSupportsIndirectInputEvents = YES;
				INFOPLIST_KEY_UILaunchStoryboardName = LaunchScreen;
				INFOPLIST_KEY_UIMainStoryboardFile = Main;
				INFOPLIST_KEY_UISupportedInterfaceOrientations_iPad = "UIInterfaceOrientationPortrait UIInterfaceOrientationPortraitUpsideDown UIInterfaceOrientationLandscapeLeft UIInterfaceOrientationLandscapeRight";
				INFOPLIST_KEY_UISupportedInterfaceOrientations_iPhone = "UIInterfaceOrientationPortrait UIInterfaceOrientationLandscapeLeft UIInterfaceOrientationLandscapeRight";
				LD_RUNPATH_SEARCH_PATHS = (
					"$(inherited)",
					"@executable_path/Frameworks",
				);
				MARKETING_VERSION = 1.0;
				PRODUCT_BUNDLE_IDENTIFIER = edu.northeastern.yiming.LoginApp;
				PRODUCT_NAME = "$(TARGET_NAME)";
				SWIFT_EMIT_LOC_STRINGS = YES;
				SWIFT_VERSION = 5.0;
				TARGETED_DEVICE_FAMILY = "1,2";
			};
			name = Release;
		};
/* End XCBuildConfiguration section */

/* Begin XCConfigurationList section */
		FC028FDD27F0D70A0046E05E /* Build configuration list for PBXProject "LoginApp" */ = {
			isa = XCConfigurationList;
			buildConfigurations = (
				FC028FF427F0D70C0046E05E /* Debug */,
				FC028FF527F0D70C0046E05E /* Release */,
			);
			defaultConfigurationIsVisible = 0;
			defaultConfigurationName = Release;
		};
		FC028FF627F0D70C0046E05E /* Build configuration list for PBXNativeTarget "LoginApp" */ = {
			isa = XCConfigurationList;
			buildConfigurations = (
				FC028FF727F0D70C0046E05E /* Debug */,
				FC028FF827F0D70C0046E05E /* Release */,
			);
			defaultConfigurationIsVisible = 0;
			defaultConfigurationName = Release;
		};
/* End XCConfigurationList section */
	};
	rootObject = FC028FDA27F0D70A0046E05E /* Project object */;
}
